Microsoft Visual Studio Solution File, Format Version 8.00
Project("{FAE04EC0-301F-11D3-BF4B-00C04F79EFBC}") = "NDbUnit.Core", "NDbUnit.Core.csproj", "{093E77F8-2F55-4823-B118-3D33F376F1A8}"
	ProjectSection(ProjectDependencies) = postProject
	EndProjectSection
EndProject
Global
	GlobalSection(SolutionConfiguration) = preSolution
		Debug = Debug
		Release = Release
	EndGlobalSection
	GlobalSection(ProjectConfiguration) = postSolution
		{093E77F8-2F55-4823-B118-3D33F376F1A8}.Debug.ActiveCfg = Debug|.NET
		{093E77F8-2F55-4823-B118-3D33F376F1A8}.Debug.Build.0 = Debug|.NET
		{093E77F8-2F55-4823-B118-3D33F376F1A8}.Release.ActiveCfg = Release|.NET
		{093E77F8-2F55-4823-B118-3D33F376F1A8}.Release.Build.0 = Release|.NET
	EndGlobalSection
	GlobalSection(ExtensibilityGlobals) = postSolution
	EndGlobalSection
	GlobalSection(ExtensibilityAddIns) = postSolution
	EndGlobalSection
EndGlobal
