Microsoft Visual Studio Solution File, Format Version 10.00
# Visual Studio 2008
Project("{FAE04EC0-301F-11D3-BF4B-00C04F79EFBC}") = "NDbUnit.Core", "NDbUnit.Core.csproj", "{093E77F8-2F55-4823-B118-3D33F376F1A8}"
EndProject
Project("{FAE04EC0-301F-11D3-BF4B-00C04F79EFBC}") = "NDbUnit.Test", "..\NDbUnit.Test\NDbUnit.Test.csproj", "{37055A36-0019-4ECE-94C3-DA25D6BC5935}"
	ProjectSection(ProjectDependencies) = postProject
		{093E77F8-2F55-4823-B118-3D33F376F1A8} = {093E77F8-2F55-4823-B118-3D33F376F1A8}
	EndProjectSection
EndProject
Project("{FAE04EC0-301F-11D3-BF4B-00C04F79EFBC}") = "NDbUnit.SqlClient", "..\NDbUnit.SqlClient\NDbUnit.SqlClient.csproj", "{89F1342D-0FF8-492E-BD74-175D1AAC9FE8}"
EndProject
Project("{FAE04EC0-301F-11D3-BF4B-00C04F79EFBC}") = "NDbUnit.MySql", "..\NDbUnit.MySql\NDbUnit.MySql.csproj", "{7C797012-5848-4AC5-A45E-776BCEAC52D1}"
EndProject
Project("{FAE04EC0-301F-11D3-BF4B-00C04F79EFBC}") = "NDbUnit.OleDb", "..\NDbUnit.OleDb\NDbUnit.OleDb.csproj", "{1F40909A-ABDD-484C-AA52-14464A5B677A}"
EndProject
Project("{FAE04EC0-301F-11D3-BF4B-00C04F79EFBC}") = "NDbUnit.SqlLite", "..\NDbUnit.SqlLite\NDbUnit.SqlLite.csproj", "{E9B111D5-F5C0-417D-8F9B-B6BE0B1AC7F4}"
EndProject
Project("{FAE04EC0-301F-11D3-BF4B-00C04F79EFBC}") = "NDbUnit.SqlServerCe", "..\NDbUnit.SqlServerCe\NDbUnit.SqlServerCe.csproj", "{DA3F4EE1-CD15-4929-88F5-ABE52A7887D0}"
EndProject
Project("{FAE04EC0-301F-11D3-BF4B-00C04F79EFBC}") = "NDbUnit.OracleClient", "..\NDbUnit.OracleClient\NDbUnit.OracleClient.csproj", "{0B83B341-1D0D-4284-B4E5-7DE97052F950}"
EndProject
Global
	GlobalSection(SubversionScc) = preSolution
		Svn-Managed = True
		Manager = AnkhSVN - Subversion Support for Visual Studio
	EndGlobalSection
	GlobalSection(SolutionConfigurationPlatforms) = preSolution
		Debug|Any CPU = Debug|Any CPU
		Release|Any CPU = Release|Any CPU
	EndGlobalSection
	GlobalSection(ProjectConfigurationPlatforms) = postSolution
		{093E77F8-2F55-4823-B118-3D33F376F1A8}.Debug|Any CPU.ActiveCfg = Debug|Any CPU
		{093E77F8-2F55-4823-B118-3D33F376F1A8}.Debug|Any CPU.Build.0 = Debug|Any CPU
		{093E77F8-2F55-4823-B118-3D33F376F1A8}.Release|Any CPU.ActiveCfg = Release|Any CPU
		{093E77F8-2F55-4823-B118-3D33F376F1A8}.Release|Any CPU.Build.0 = Release|Any CPU
		{37055A36-0019-4ECE-94C3-DA25D6BC5935}.Debug|Any CPU.ActiveCfg = Debug|Any CPU
		{37055A36-0019-4ECE-94C3-DA25D6BC5935}.Debug|Any CPU.Build.0 = Debug|Any CPU
		{37055A36-0019-4ECE-94C3-DA25D6BC5935}.Release|Any CPU.ActiveCfg = Release|Any CPU
		{37055A36-0019-4ECE-94C3-DA25D6BC5935}.Release|Any CPU.Build.0 = Release|Any CPU
		{89F1342D-0FF8-492E-BD74-175D1AAC9FE8}.Debug|Any CPU.ActiveCfg = Debug|Any CPU
		{89F1342D-0FF8-492E-BD74-175D1AAC9FE8}.Debug|Any CPU.Build.0 = Debug|Any CPU
		{89F1342D-0FF8-492E-BD74-175D1AAC9FE8}.Release|Any CPU.ActiveCfg = Release|Any CPU
		{89F1342D-0FF8-492E-BD74-175D1AAC9FE8}.Release|Any CPU.Build.0 = Release|Any CPU
		{7C797012-5848-4AC5-A45E-776BCEAC52D1}.Debug|Any CPU.ActiveCfg = Debug|Any CPU
		{7C797012-5848-4AC5-A45E-776BCEAC52D1}.Debug|Any CPU.Build.0 = Debug|Any CPU
		{7C797012-5848-4AC5-A45E-776BCEAC52D1}.Release|Any CPU.ActiveCfg = Release|Any CPU
		{7C797012-5848-4AC5-A45E-776BCEAC52D1}.Release|Any CPU.Build.0 = Release|Any CPU
		{1F40909A-ABDD-484C-AA52-14464A5B677A}.Debug|Any CPU.ActiveCfg = Debug|Any CPU
		{1F40909A-ABDD-484C-AA52-14464A5B677A}.Debug|Any CPU.Build.0 = Debug|Any CPU
		{1F40909A-ABDD-484C-AA52-14464A5B677A}.Release|Any CPU.ActiveCfg = Release|Any CPU
		{1F40909A-ABDD-484C-AA52-14464A5B677A}.Release|Any CPU.Build.0 = Release|Any CPU
		{E9B111D5-F5C0-417D-8F9B-B6BE0B1AC7F4}.Debug|Any CPU.ActiveCfg = Debug|Any CPU
		{E9B111D5-F5C0-417D-8F9B-B6BE0B1AC7F4}.Debug|Any CPU.Build.0 = Debug|Any CPU
		{E9B111D5-F5C0-417D-8F9B-B6BE0B1AC7F4}.Release|Any CPU.ActiveCfg = Release|Any CPU
		{E9B111D5-F5C0-417D-8F9B-B6BE0B1AC7F4}.Release|Any CPU.Build.0 = Release|Any CPU
		{DA3F4EE1-CD15-4929-88F5-ABE52A7887D0}.Debug|Any CPU.ActiveCfg = Debug|Any CPU
		{DA3F4EE1-CD15-4929-88F5-ABE52A7887D0}.Debug|Any CPU.Build.0 = Debug|Any CPU
		{DA3F4EE1-CD15-4929-88F5-ABE52A7887D0}.Release|Any CPU.ActiveCfg = Release|Any CPU
		{DA3F4EE1-CD15-4929-88F5-ABE52A7887D0}.Release|Any CPU.Build.0 = Release|Any CPU
		{0B83B341-1D0D-4284-B4E5-7DE97052F950}.Debug|Any CPU.ActiveCfg = Debug|Any CPU
		{0B83B341-1D0D-4284-B4E5-7DE97052F950}.Debug|Any CPU.Build.0 = Debug|Any CPU
		{0B83B341-1D0D-4284-B4E5-7DE97052F950}.Release|Any CPU.ActiveCfg = Release|Any CPU
		{0B83B341-1D0D-4284-B4E5-7DE97052F950}.Release|Any CPU.Build.0 = Release|Any CPU
	EndGlobalSection
	GlobalSection(SolutionProperties) = preSolution
		HideSolutionNode = FALSE
	EndGlobalSection
EndGlobal
