
Microsoft Visual Studio Solution File, Format Version 11.00
# Visual Studio 2010
Project("{FAE04EC0-301F-11D3-BF4B-00C04F79EFBC}") = "MongoDBCSharpDriverTest", "MongoDBCSharpDriverTest.csproj", "{96101F8F-0BF3-47DB-8731-424D24D9C272}"
EndProject
Global
	GlobalSection(SolutionConfigurationPlatforms) = preSolution
		Debug|Any CPU = Debug|Any CPU
		Release|Any CPU = Release|Any CPU
	EndGlobalSection
	GlobalSection(ProjectConfigurationPlatforms) = postSolution
		{96101F8F-0BF3-47DB-8731-424D24D9C272}.Debug|Any CPU.ActiveCfg = Debug|Any CPU
		{96101F8F-0BF3-47DB-8731-424D24D9C272}.Debug|Any CPU.Build.0 = Debug|Any CPU
		{96101F8F-0BF3-47DB-8731-424D24D9C272}.Release|Any CPU.ActiveCfg = Release|Any CPU
		{96101F8F-0BF3-47DB-8731-424D24D9C272}.Release|Any CPU.Build.0 = Release|Any CPU
	EndGlobalSection
	GlobalSection(SolutionProperties) = preSolution
		HideSolutionNode = FALSE
	EndGlobalSection
EndGlobal
